
Microsoft Visual Studio Solution File, Format Version 12.00
# Visual Studio Version 17
VisualStudioVersion = 17.1.32328.378
MinimumVisualStudioVersion = 10.0.40219.1
Project("{FAE04EC0-301F-11D3-BF4B-00C04F79EFBC}") = "ClassesHomework", "ClassesHomework\ClassesHomework.csproj", "{9BBE903E-29BE-4E8F-A2FD-1AF01F607F0E}"
EndProject
Global
	GlobalSection(SolutionConfigurationPlatforms) = preSolution
		Debug|Any CPU = Debug|Any CPU
		Release|Any CPU = Release|Any CPU
	EndGlobalSection
	GlobalSection(ProjectConfigurationPlatforms) = postSolution
		{9BBE903E-29BE-4E8F-A2FD-1AF01F607F0E}.Debug|Any CPU.ActiveCfg = Debug|Any CPU
		{9BBE903E-29BE-4E8F-A2FD-1AF01F607F0E}.Debug|Any CPU.Build.0 = Debug|Any CPU
		{9BBE903E-29BE-4E8F-A2FD-1AF01F607F0E}.Release|Any CPU.ActiveCfg = Release|Any CPU
		{9BBE903E-29BE-4E8F-A2FD-1AF01F607F0E}.Release|Any CPU.Build.0 = Release|Any CPU
	EndGlobalSection
	GlobalSection(SolutionProperties) = preSolution
		HideSolutionNode = FALSE
	EndGlobalSection
	GlobalSection(ExtensibilityGlobals) = postSolution
		SolutionGuid = {2199039F-AD2B-4288-A669-C25E0F45E9CB}
	EndGlobalSection
EndGlobal
